
Microsoft Visual Studio Solution File, Format Version 12.00
Project("{2150E333-8FDC-42A3-9474-1A3956D46DE8}") = "src", "src", "{1FA1DBDF-5877-4361-A008-B9991F5DB514}"
EndProject
Project("{2150E333-8FDC-42A3-9474-1A3956D46DE8}") = "tests", "tests", "{5B13053D-7B1F-49CB-9277-C8A83C65DC71}"
EndProject
Project("{FAE04EC0-301F-11D3-BF4B-00C04F79EFBC}") = "Distance.Api", "src\Distance.Api\Distance.Api.csproj", "{B2FD2570-34D3-41B0-B38F-486F7E993AFF}"
EndProject
Project("{2150E333-8FDC-42A3-9474-1A3956D46DE8}") = "solution items", "solution items", "{CBDF4D07-E3EA-482B-B773-4455E2D067A4}"
	ProjectSection(SolutionItems) = preProject
		Distance.sln = Distance.sln
		Dockerfile = Dockerfile
		.dockerignore = .dockerignore
		.gitignore = .gitignore
		README.md = README.md
		.editorconfig = .editorconfig
	EndProjectSection
EndProject
Project("{FAE04EC0-301F-11D3-BF4B-00C04F79EFBC}") = "Distance.Shared", "src\Distance.Shared\Distance.Shared.csproj", "{0D96E2BF-ADDB-4823-901A-933B9089A46B}"
EndProject
Project("{FAE04EC0-301F-11D3-BF4B-00C04F79EFBC}") = "Distance.Application", "src\Distance.Application\Distance.Application.csproj", "{4EF00305-D8BB-4600-97D5-9A9940AA5774}"
EndProject
Project("{FAE04EC0-301F-11D3-BF4B-00C04F79EFBC}") = "Distance.Infra", "src\Distance.Infra\Distance.Infra.csproj", "{E00B036F-F35B-438B-AC62-19D40B9E4FC7}"
EndProject
Project("{FAE04EC0-301F-11D3-BF4B-00C04F79EFBC}") = "Distance.Core", "src\Distance.Core\Distance.Core.csproj", "{323D81D0-3887-425C-BEFE-E73BF80410CE}"
EndProject
Project("{FAE04EC0-301F-11D3-BF4B-00C04F79EFBC}") = "Distance.Core.Tests", "tests\Distance.Core.Tests\Distance.Core.Tests.csproj", "{82FFBDAD-847D-4B42-AFA9-EBE7EE2FCE9F}"
EndProject
Project("{FAE04EC0-301F-11D3-BF4B-00C04F79EFBC}") = "Distance.Api.Tests", "tests\Distance.Api.Tests\Distance.Api.Tests.csproj", "{ACA55D99-DC1D-4B76-AFDF-FCEEE44D7890}"
EndProject
Global
	GlobalSection(SolutionConfigurationPlatforms) = preSolution
		Debug|Any CPU = Debug|Any CPU
		Release|Any CPU = Release|Any CPU
	EndGlobalSection
	GlobalSection(NestedProjects) = preSolution
		{B2FD2570-34D3-41B0-B38F-486F7E993AFF} = {1FA1DBDF-5877-4361-A008-B9991F5DB514}
		{0D96E2BF-ADDB-4823-901A-933B9089A46B} = {1FA1DBDF-5877-4361-A008-B9991F5DB514}
		{4EF00305-D8BB-4600-97D5-9A9940AA5774} = {1FA1DBDF-5877-4361-A008-B9991F5DB514}
		{E00B036F-F35B-438B-AC62-19D40B9E4FC7} = {1FA1DBDF-5877-4361-A008-B9991F5DB514}
		{323D81D0-3887-425C-BEFE-E73BF80410CE} = {1FA1DBDF-5877-4361-A008-B9991F5DB514}
		{82FFBDAD-847D-4B42-AFA9-EBE7EE2FCE9F} = {5B13053D-7B1F-49CB-9277-C8A83C65DC71}
		{ACA55D99-DC1D-4B76-AFDF-FCEEE44D7890} = {5B13053D-7B1F-49CB-9277-C8A83C65DC71}
	EndGlobalSection
	GlobalSection(ProjectConfigurationPlatforms) = postSolution
		{B2FD2570-34D3-41B0-B38F-486F7E993AFF}.Debug|Any CPU.ActiveCfg = Debug|Any CPU
		{B2FD2570-34D3-41B0-B38F-486F7E993AFF}.Debug|Any CPU.Build.0 = Debug|Any CPU
		{B2FD2570-34D3-41B0-B38F-486F7E993AFF}.Release|Any CPU.ActiveCfg = Release|Any CPU
		{B2FD2570-34D3-41B0-B38F-486F7E993AFF}.Release|Any CPU.Build.0 = Release|Any CPU
		{0D96E2BF-ADDB-4823-901A-933B9089A46B}.Debug|Any CPU.ActiveCfg = Debug|Any CPU
		{0D96E2BF-ADDB-4823-901A-933B9089A46B}.Debug|Any CPU.Build.0 = Debug|Any CPU
		{0D96E2BF-ADDB-4823-901A-933B9089A46B}.Release|Any CPU.ActiveCfg = Release|Any CPU
		{0D96E2BF-ADDB-4823-901A-933B9089A46B}.Release|Any CPU.Build.0 = Release|Any CPU
		{4EF00305-D8BB-4600-97D5-9A9940AA5774}.Debug|Any CPU.ActiveCfg = Debug|Any CPU
		{4EF00305-D8BB-4600-97D5-9A9940AA5774}.Debug|Any CPU.Build.0 = Debug|Any CPU
		{4EF00305-D8BB-4600-97D5-9A9940AA5774}.Release|Any CPU.ActiveCfg = Release|Any CPU
		{4EF00305-D8BB-4600-97D5-9A9940AA5774}.Release|Any CPU.Build.0 = Release|Any CPU
		{E00B036F-F35B-438B-AC62-19D40B9E4FC7}.Debug|Any CPU.ActiveCfg = Debug|Any CPU
		{E00B036F-F35B-438B-AC62-19D40B9E4FC7}.Debug|Any CPU.Build.0 = Debug|Any CPU
		{E00B036F-F35B-438B-AC62-19D40B9E4FC7}.Release|Any CPU.ActiveCfg = Release|Any CPU
		{E00B036F-F35B-438B-AC62-19D40B9E4FC7}.Release|Any CPU.Build.0 = Release|Any CPU
		{323D81D0-3887-425C-BEFE-E73BF80410CE}.Debug|Any CPU.ActiveCfg = Debug|Any CPU
		{323D81D0-3887-425C-BEFE-E73BF80410CE}.Debug|Any CPU.Build.0 = Debug|Any CPU
		{323D81D0-3887-425C-BEFE-E73BF80410CE}.Release|Any CPU.ActiveCfg = Release|Any CPU
		{323D81D0-3887-425C-BEFE-E73BF80410CE}.Release|Any CPU.Build.0 = Release|Any CPU
		{82FFBDAD-847D-4B42-AFA9-EBE7EE2FCE9F}.Debug|Any CPU.ActiveCfg = Debug|Any CPU
		{82FFBDAD-847D-4B42-AFA9-EBE7EE2FCE9F}.Debug|Any CPU.Build.0 = Debug|Any CPU
		{82FFBDAD-847D-4B42-AFA9-EBE7EE2FCE9F}.Release|Any CPU.ActiveCfg = Release|Any CPU
		{82FFBDAD-847D-4B42-AFA9-EBE7EE2FCE9F}.Release|Any CPU.Build.0 = Release|Any CPU
		{ACA55D99-DC1D-4B76-AFDF-FCEEE44D7890}.Debug|Any CPU.ActiveCfg = Debug|Any CPU
		{ACA55D99-DC1D-4B76-AFDF-FCEEE44D7890}.Debug|Any CPU.Build.0 = Debug|Any CPU
		{ACA55D99-DC1D-4B76-AFDF-FCEEE44D7890}.Release|Any CPU.ActiveCfg = Release|Any CPU
		{ACA55D99-DC1D-4B76-AFDF-FCEEE44D7890}.Release|Any CPU.Build.0 = Release|Any CPU
	EndGlobalSection
EndGlobal
