
Microsoft Visual Studio Solution File, Format Version 12.00
Project("{2150E333-8FDC-42A3-9474-1A3956D46DE8}") = "src", "src", "{1FA1DBDF-5877-4361-A008-B9991F5DB514}"
EndProject
Project("{2150E333-8FDC-42A3-9474-1A3956D46DE8}") = "tests", "tests", "{5B13053D-7B1F-49CB-9277-C8A83C65DC71}"
EndProject
Project("{FAE04EC0-301F-11D3-BF4B-00C04F79EFBC}") = "Distance.Api", "src\Distance.Api\Distance.Api.csproj", "{B2FD2570-34D3-41B0-B38F-486F7E993AFF}"
EndProject
Project("{FAE04EC0-301F-11D3-BF4B-00C04F79EFBC}") = "Distance.PlacesRestClient", "src\Distance.PlacesRestClient\Distance.PlacesRestClient.csproj", "{CC989FE0-514D-48F8-B3AF-EB4D99535924}"
EndProject
Project("{2150E333-8FDC-42A3-9474-1A3956D46DE8}") = "solution items", "solution items", "{CBDF4D07-E3EA-482B-B773-4455E2D067A4}"
	ProjectSection(SolutionItems) = preProject
		Distance.sln = Distance.sln
		Dockerfile = Dockerfile
		.dockerignore = .dockerignore
		.gitignore = .gitignore
		README.md = README.md
	EndProjectSection
EndProject
Global
	GlobalSection(SolutionConfigurationPlatforms) = preSolution
		Debug|Any CPU = Debug|Any CPU
		Release|Any CPU = Release|Any CPU
	EndGlobalSection
	GlobalSection(NestedProjects) = preSolution
		{B2FD2570-34D3-41B0-B38F-486F7E993AFF} = {1FA1DBDF-5877-4361-A008-B9991F5DB514}
		{CC989FE0-514D-48F8-B3AF-EB4D99535924} = {1FA1DBDF-5877-4361-A008-B9991F5DB514}
	EndGlobalSection
	GlobalSection(ProjectConfigurationPlatforms) = postSolution
		{B2FD2570-34D3-41B0-B38F-486F7E993AFF}.Debug|Any CPU.ActiveCfg = Debug|Any CPU
		{B2FD2570-34D3-41B0-B38F-486F7E993AFF}.Debug|Any CPU.Build.0 = Debug|Any CPU
		{B2FD2570-34D3-41B0-B38F-486F7E993AFF}.Release|Any CPU.ActiveCfg = Release|Any CPU
		{B2FD2570-34D3-41B0-B38F-486F7E993AFF}.Release|Any CPU.Build.0 = Release|Any CPU
		{CC989FE0-514D-48F8-B3AF-EB4D99535924}.Debug|Any CPU.ActiveCfg = Debug|Any CPU
		{CC989FE0-514D-48F8-B3AF-EB4D99535924}.Debug|Any CPU.Build.0 = Debug|Any CPU
		{CC989FE0-514D-48F8-B3AF-EB4D99535924}.Release|Any CPU.ActiveCfg = Release|Any CPU
		{CC989FE0-514D-48F8-B3AF-EB4D99535924}.Release|Any CPU.Build.0 = Release|Any CPU
	EndGlobalSection
EndGlobal
